
Microsoft Visual Studio Solution File, Format Version 12.00
# Visual Studio 2013
Project("{FAE04EC0-301F-11D3-BF4B-00C04F79EFBC}") = "AudioAnalysis.CSharp", "AudioAnalysis.CSharp.csproj", "{B328FC6D-87B4-2B23-69B0-0B328F078966}"
EndProject
Global
	GlobalSection(SolutionConfigurationPlatforms) = preSolution
		Debug|Any CPU = Debug|Any CPU
		Release|Any CPU = Release|Any CPU
	EndGlobalSection
	GlobalSection(ProjectConfigurationPlatforms) = postSolution
		{B328FC6D-87B4-2B23-69B0-0B328F078966}.Debug|Any CPU.ActiveCfg = Debug|Any CPU
		{B328FC6D-87B4-2B23-69B0-0B328F078966}.Debug|Any CPU.Build.0 = Debug|Any CPU
		{B328FC6D-87B4-2B23-69B0-0B328F078966}.Release|Any CPU.ActiveCfg = Release|Any CPU
		{B328FC6D-87B4-2B23-69B0-0B328F078966}.Release|Any CPU.Build.0 = Release|Any CPU
	EndGlobalSection
	GlobalSection(SolutionProperties) = preSolution
		HideSolutionNode = FALSE
	EndGlobalSection
EndGlobal
